
Microsoft Visual Studio Solution File, Format Version 10.00
# Visual Studio 2008
Project("{8BC9CEB8-8B4A-11D0-8D11-00A0C91BC942}") = "BEM", "BEM.vcproj", "{D9E34459-9EC4-4D27-84E5-3F618EA8B3F2}"
EndProject
Global
	GlobalSection(SolutionConfigurationPlatforms) = preSolution
		Debug|Win32 = Debug|Win32
		Release|Win32 = Release|Win32
		ReleaseDll|Win32 = ReleaseDll|Win32
	EndGlobalSection
	GlobalSection(ProjectConfigurationPlatforms) = postSolution
		{D9E34459-9EC4-4D27-84E5-3F618EA8B3F2}.Debug|Win32.ActiveCfg = Debug|Win32
		{D9E34459-9EC4-4D27-84E5-3F618EA8B3F2}.Debug|Win32.Build.0 = Debug|Win32
		{D9E34459-9EC4-4D27-84E5-3F618EA8B3F2}.Release|Win32.ActiveCfg = Release|Win32
		{D9E34459-9EC4-4D27-84E5-3F618EA8B3F2}.Release|Win32.Build.0 = Release|Win32
		{D9E34459-9EC4-4D27-84E5-3F618EA8B3F2}.ReleaseDll|Win32.ActiveCfg = ReleaseDll|Win32
		{D9E34459-9EC4-4D27-84E5-3F618EA8B3F2}.ReleaseDll|Win32.Build.0 = ReleaseDll|Win32
	EndGlobalSection
	GlobalSection(SolutionProperties) = preSolution
		HideSolutionNode = FALSE
	EndGlobalSection
EndGlobal
